// !$*UTF8*$!
{
	archiveVersion = 1;
	classes = {
	};
	objectVersion = 46;
	objects = {

/* Begin PBXBuildFile section */
		95593179EDD73C8F3F2C6B9C /* Pods_Marvel_Challenge.framework in Frameworks */ = {isa = PBXBuildFile; fileRef = FF6E8C244BEE7E36AF21295C /* Pods_Marvel_Challenge.framework */; };
		E3F6BAC91C925C3F005A7B59 /* AppDelegate.swift in Sources */ = {isa = PBXBuildFile; fileRef = E3F6BAC81C925C3F005A7B59 /* AppDelegate.swift */; };
		E3F6BACE1C925C3F005A7B59 /* Main.storyboard in Resources */ = {isa = PBXBuildFile; fileRef = E3F6BACC1C925C3F005A7B59 /* Main.storyboard */; };
		E3F6BAD11C925C3F005A7B59 /* Marvel_Challenge.xcdatamodeld in Sources */ = {isa = PBXBuildFile; fileRef = E3F6BACF1C925C3F005A7B59 /* Marvel_Challenge.xcdatamodeld */; };
		E3F6BAD31C925C3F005A7B59 /* Assets.xcassets in Resources */ = {isa = PBXBuildFile; fileRef = E3F6BAD21C925C3F005A7B59 /* Assets.xcassets */; };
		E3F6BAD61C925C3F005A7B59 /* LaunchScreen.storyboard in Resources */ = {isa = PBXBuildFile; fileRef = E3F6BAD41C925C3F005A7B59 /* LaunchScreen.storyboard */; };
		E3F6BAE11C925C3F005A7B59 /* Marvel_ChallengeTests.swift in Sources */ = {isa = PBXBuildFile; fileRef = E3F6BAE01C925C3F005A7B59 /* Marvel_ChallengeTests.swift */; };
		E3F6BAEC1C925C3F005A7B59 /* Marvel_ChallengeUITests.swift in Sources */ = {isa = PBXBuildFile; fileRef = E3F6BAEB1C925C3F005A7B59 /* Marvel_ChallengeUITests.swift */; };
/* End PBXBuildFile section */

/* Begin PBXContainerItemProxy section */
		E3F6BADD1C925C3F005A7B59 /* PBXContainerItemProxy */ = {
			isa = PBXContainerItemProxy;
			containerPortal = E3F6BABD1C925C3F005A7B59 /* Project object */;
			proxyType = 1;
			remoteGlobalIDString = E3F6BAC41C925C3F005A7B59;
			remoteInfo = "Marvel Challenge";
		};
		E3F6BAE81C925C3F005A7B59 /* PBXContainerItemProxy */ = {
			isa = PBXContainerItemProxy;
			containerPortal = E3F6BABD1C925C3F005A7B59 /* Project object */;
			proxyType = 1;
			remoteGlobalIDString = E3F6BAC41C925C3F005A7B59;
			remoteInfo = "Marvel Challenge";
		};
/* End PBXContainerItemProxy section */

/* Begin PBXFileReference section */
		B0CC7E3817237E2893F4F669 /* Pods-Marvel Challenge.release.xcconfig */ = {isa = PBXFileReference; includeInIndex = 1; lastKnownFileType = text.xcconfig; name = "Pods-Marvel Challenge.release.xcconfig"; path = "Pods/Target Support Files/Pods-Marvel Challenge/Pods-Marvel Challenge.release.xcconfig"; sourceTree = "<group>"; };
		E311508D310804CBCC613EF9 /* Pods-Marvel Challenge.debug.xcconfig */ = {isa = PBXFileReference; includeInIndex = 1; lastKnownFileType = text.xcconfig; name = "Pods-Marvel Challenge.debug.xcconfig"; path = "Pods/Target Support Files/Pods-Marvel Challenge/Pods-Marvel Challenge.debug.xcconfig"; sourceTree = "<group>"; };
		E3F6BAC51C925C3F005A7B59 /* Marvel Challenge.app */ = {isa = PBXFileReference; explicitFileType = wrapper.application; includeInIndex = 0; path = "Marvel Challenge.app"; sourceTree = BUILT_PRODUCTS_DIR; };
		E3F6BAC81C925C3F005A7B59 /* AppDelegate.swift */ = {isa = PBXFileReference; lastKnownFileType = sourcecode.swift; path = AppDelegate.swift; sourceTree = "<group>"; };
		E3F6BACD1C925C3F005A7B59 /* Base */ = {isa = PBXFileReference; lastKnownFileType = file.storyboard; name = Base; path = Base.lproj/Main.storyboard; sourceTree = "<group>"; };
		E3F6BAD01C925C3F005A7B59 /* Marvel_Challenge.xcdatamodel */ = {isa = PBXFileReference; lastKnownFileType = wrapper.xcdatamodel; path = Marvel_Challenge.xcdatamodel; sourceTree = "<group>"; };
		E3F6BAD21C925C3F005A7B59 /* Assets.xcassets */ = {isa = PBXFileReference; lastKnownFileType = folder.assetcatalog; path = Assets.xcassets; sourceTree = "<group>"; };
		E3F6BAD51C925C3F005A7B59 /* Base */ = {isa = PBXFileReference; lastKnownFileType = file.storyboard; name = Base; path = Base.lproj/LaunchScreen.storyboard; sourceTree = "<group>"; };
		E3F6BAD71C925C3F005A7B59 /* Info.plist */ = {isa = PBXFileReference; lastKnownFileType = text.plist.xml; path = Info.plist; sourceTree = "<group>"; };
		E3F6BADC1C925C3F005A7B59 /* Marvel ChallengeTests.xctest */ = {isa = PBXFileReference; explicitFileType = wrapper.cfbundle; includeInIndex = 0; path = "Marvel ChallengeTests.xctest"; sourceTree = BUILT_PRODUCTS_DIR; };
		E3F6BAE01C925C3F005A7B59 /* Marvel_ChallengeTests.swift */ = {isa = PBXFileReference; lastKnownFileType = sourcecode.swift; path = Marvel_ChallengeTests.swift; sourceTree = "<group>"; };
		E3F6BAE21C925C3F005A7B59 /* Info.plist */ = {isa = PBXFileReference; lastKnownFileType = text.plist.xml; path = Info.plist; sourceTree = "<group>"; };
		E3F6BAE71C925C3F005A7B59 /* Marvel ChallengeUITests.xctest */ = {isa = PBXFileReference; explicitFileType = wrapper.cfbundle; includeInIndex = 0; path = "Marvel ChallengeUITests.xctest"; sourceTree = BUILT_PRODUCTS_DIR; };
		E3F6BAEB1C925C3F005A7B59 /* Marvel_ChallengeUITests.swift */ = {isa = PBXFileReference; lastKnownFileType = sourcecode.swift; path = Marvel_ChallengeUITests.swift; sourceTree = "<group>"; };
		E3F6BAED1C925C3F005A7B59 /* Info.plist */ = {isa = PBXFileReference; lastKnownFileType = text.plist.xml; path = Info.plist; sourceTree = "<group>"; };
		FF6E8C244BEE7E36AF21295C /* Pods_Marvel_Challenge.framework */ = {isa = PBXFileReference; explicitFileType = wrapper.framework; includeInIndex = 0; path = Pods_Marvel_Challenge.framework; sourceTree = BUILT_PRODUCTS_DIR; };
/* End PBXFileReference section */

/* Begin PBXFrameworksBuildPhase section */
		E3F6BAC21C925C3F005A7B59 /* Frameworks */ = {
			isa = PBXFrameworksBuildPhase;
			buildActionMask = 2147483647;
			files = (
				95593179EDD73C8F3F2C6B9C /* Pods_Marvel_Challenge.framework in Frameworks */,
			);
			runOnlyForDeploymentPostprocessing = 0;
		};
		E3F6BAD91C925C3F005A7B59 /* Frameworks */ = {
			isa = PBXFrameworksBuildPhase;
			buildActionMask = 2147483647;
			files = (
			);
			runOnlyForDeploymentPostprocessing = 0;
		};
		E3F6BAE41C925C3F005A7B59 /* Frameworks */ = {
			isa = PBXFrameworksBuildPhase;
			buildActionMask = 2147483647;
			files = (
			);
			runOnlyForDeploymentPostprocessing = 0;
		};
/* End PBXFrameworksBuildPhase section */

/* Begin PBXGroup section */
		9F3057CAD0B3D83F9575DAB9 /* Frameworks */ = {
			isa = PBXGroup;
			children = (
				FF6E8C244BEE7E36AF21295C /* Pods_Marvel_Challenge.framework */,
			);
			name = Frameworks;
			sourceTree = "<group>";
		};
		A4BA11869CFE6038062A9ED3 /* Pods */ = {
			isa = PBXGroup;
			children = (
				E311508D310804CBCC613EF9 /* Pods-Marvel Challenge.debug.xcconfig */,
				B0CC7E3817237E2893F4F669 /* Pods-Marvel Challenge.release.xcconfig */,
			);
			name = Pods;
			sourceTree = "<group>";
		};
		E3DF456C1C92741400E71709 /* Helpers */ = {
			isa = PBXGroup;
			children = (
			);
			path = Helpers;
			sourceTree = "<group>";
		};
		E3DF456D1C92741400E71709 /* Model */ = {
			isa = PBXGroup;
			children = (
			);
			path = Model;
			sourceTree = "<group>";
		};
		E3DF456E1C92741400E71709 /* Services */ = {
			isa = PBXGroup;
			children = (
			);
			path = Services;
			sourceTree = "<group>";
		};
		E3DF456F1C92741400E71709 /* View Controllers */ = {
			isa = PBXGroup;
			children = (
			);
			path = "View Controllers";
			sourceTree = "<group>";
		};
		E3F6BABC1C925C3F005A7B59 = {
			isa = PBXGroup;
			children = (
				E3F6BAC71C925C3F005A7B59 /* Marvel Challenge */,
				E3F6BADF1C925C3F005A7B59 /* Marvel ChallengeTests */,
				E3F6BAEA1C925C3F005A7B59 /* Marvel ChallengeUITests */,
				E3F6BAC61C925C3F005A7B59 /* Products */,
				A4BA11869CFE6038062A9ED3 /* Pods */,
				9F3057CAD0B3D83F9575DAB9 /* Frameworks */,
			);
			sourceTree = "<group>";
		};
		E3F6BAC61C925C3F005A7B59 /* Products */ = {
			isa = PBXGroup;
			children = (
				E3F6BAC51C925C3F005A7B59 /* Marvel Challenge.app */,
				E3F6BADC1C925C3F005A7B59 /* Marvel ChallengeTests.xctest */,
				E3F6BAE71C925C3F005A7B59 /* Marvel ChallengeUITests.xctest */,
			);
			name = Products;
			sourceTree = "<group>";
		};
		E3F6BAC71C925C3F005A7B59 /* Marvel Challenge */ = {
			isa = PBXGroup;
			children = (
				E3F6BAC81C925C3F005A7B59 /* AppDelegate.swift */,
				E3F6BACC1C925C3F005A7B59 /* Main.storyboard */,
				E3F6BAD21C925C3F005A7B59 /* Assets.xcassets */,
				E3F6BAD41C925C3F005A7B59 /* LaunchScreen.storyboard */,
				E3F6BAD71C925C3F005A7B59 /* Info.plist */,
				E3F6BACF1C925C3F005A7B59 /* Marvel_Challenge.xcdatamodeld */,
				E3DF456C1C92741400E71709 /* Helpers */,
				E3DF456D1C92741400E71709 /* Model */,
				E3DF456E1C92741400E71709 /* Services */,
				E3DF456F1C92741400E71709 /* View Controllers */,
			);
			path = "Marvel Challenge";
			sourceTree = "<group>";
		};
		E3F6BADF1C925C3F005A7B59 /* Marvel ChallengeTests */ = {
			isa = PBXGroup;
			children = (
				E3F6BAE01C925C3F005A7B59 /* Marvel_ChallengeTests.swift */,
				E3F6BAE21C925C3F005A7B59 /* Info.plist */,
			);
			path = "Marvel ChallengeTests";
			sourceTree = "<group>";
		};
		E3F6BAEA1C925C3F005A7B59 /* Marvel ChallengeUITests */ = {
			isa = PBXGroup;
			children = (
				E3F6BAEB1C925C3F005A7B59 /* Marvel_ChallengeUITests.swift */,
				E3F6BAED1C925C3F005A7B59 /* Info.plist */,
			);
			path = "Marvel ChallengeUITests";
			sourceTree = "<group>";
		};
/* End PBXGroup section */

/* Begin PBXNativeTarget section */
		E3F6BAC41C925C3F005A7B59 /* Marvel Challenge */ = {
			isa = PBXNativeTarget;
			buildConfigurationList = E3F6BAF01C925C3F005A7B59 /* Build configuration list for PBXNativeTarget "Marvel Challenge" */;
			buildPhases = (
				84CC9FCFC66C73C30F8BF21B /* Check Pods Manifest.lock */,
				E3F6BAC11C925C3F005A7B59 /* Sources */,
				E3F6BAC21C925C3F005A7B59 /* Frameworks */,
				E3F6BAC31C925C3F005A7B59 /* Resources */,
				1639EDD43DAB39CDA307C6B7 /* Embed Pods Frameworks */,
				EDA9D4605E050C223021C343 /* Copy Pods Resources */,
			);
			buildRules = (
			);
			dependencies = (
			);
			name = "Marvel Challenge";
			productName = "Marvel Challenge";
			productReference = E3F6BAC51C925C3F005A7B59 /* Marvel Challenge.app */;
			productType = "com.apple.product-type.application";
		};
		E3F6BADB1C925C3F005A7B59 /* Marvel ChallengeTests */ = {
			isa = PBXNativeTarget;
			buildConfigurationList = E3F6BAF31C925C3F005A7B59 /* Build configuration list for PBXNativeTarget "Marvel ChallengeTests" */;
			buildPhases = (
				E3F6BAD81C925C3F005A7B59 /* Sources */,
				E3F6BAD91C925C3F005A7B59 /* Frameworks */,
				E3F6BADA1C925C3F005A7B59 /* Resources */,
			);
			buildRules = (
			);
			dependencies = (
				E3F6BADE1C925C3F005A7B59 /* PBXTargetDependency */,
			);
			name = "Marvel ChallengeTests";
			productName = "Marvel ChallengeTests";
			productReference = E3F6BADC1C925C3F005A7B59 /* Marvel ChallengeTests.xctest */;
			productType = "com.apple.product-type.bundle.unit-test";
		};
		E3F6BAE61C925C3F005A7B59 /* Marvel ChallengeUITests */ = {
			isa = PBXNativeTarget;
			buildConfigurationList = E3F6BAF61C925C3F005A7B59 /* Build configuration list for PBXNativeTarget "Marvel ChallengeUITests" */;
			buildPhases = (
				E3F6BAE31C925C3F005A7B59 /* Sources */,
				E3F6BAE41C925C3F005A7B59 /* Frameworks */,
				E3F6BAE51C925C3F005A7B59 /* Resources */,
			);
			buildRules = (
			);
			dependencies = (
				E3F6BAE91C925C3F005A7B59 /* PBXTargetDependency */,
			);
			name = "Marvel ChallengeUITests";
			productName = "Marvel ChallengeUITests";
			productReference = E3F6BAE71C925C3F005A7B59 /* Marvel ChallengeUITests.xctest */;
			productType = "com.apple.product-type.bundle.ui-testing";
		};
/* End PBXNativeTarget section */

/* Begin PBXProject section */
		E3F6BABD1C925C3F005A7B59 /* Project object */ = {
			isa = PBXProject;
			attributes = {
				LastSwiftUpdateCheck = 0720;
				LastUpgradeCheck = 0720;
				ORGANIZATIONNAME = "Guilherme Assis";
				TargetAttributes = {
					E3F6BAC41C925C3F005A7B59 = {
						CreatedOnToolsVersion = 7.2;
					};
					E3F6BADB1C925C3F005A7B59 = {
						CreatedOnToolsVersion = 7.2;
						TestTargetID = E3F6BAC41C925C3F005A7B59;
					};
					E3F6BAE61C925C3F005A7B59 = {
						CreatedOnToolsVersion = 7.2;
						TestTargetID = E3F6BAC41C925C3F005A7B59;
					};
				};
			};
			buildConfigurationList = E3F6BAC01C925C3F005A7B59 /* Build configuration list for PBXProject "Marvel Challenge" */;
			compatibilityVersion = "Xcode 3.2";
			developmentRegion = English;
			hasScannedForEncodings = 0;
			knownRegions = (
				en,
				Base,
			);
			mainGroup = E3F6BABC1C925C3F005A7B59;
			productRefGroup = E3F6BAC61C925C3F005A7B59 /* Products */;
			projectDirPath = "";
			projectRoot = "";
			targets = (
				E3F6BAC41C925C3F005A7B59 /* Marvel Challenge */,
				E3F6BADB1C925C3F005A7B59 /* Marvel ChallengeTests */,
				E3F6BAE61C925C3F005A7B59 /* Marvel ChallengeUITests */,
			);
		};
/* End PBXProject section */

/* Begin PBXResourcesBuildPhase section */
		E3F6BAC31C925C3F005A7B59 /* Resources */ = {
			isa = PBXResourcesBuildPhase;
			buildActionMask = 2147483647;
			files = (
				E3F6BAD61C925C3F005A7B59 /* LaunchScreen.storyboard in Resources */,
				E3F6BAD31C925C3F005A7B59 /* Assets.xcassets in Resources */,
				E3F6BACE1C925C3F005A7B59 /* Main.storyboard in Resources */,
			);
			runOnlyForDeploymentPostprocessing = 0;
		};
		E3F6BADA1C925C3F005A7B59 /* Resources */ = {
			isa = PBXResourcesBuildPhase;
			buildActionMask = 2147483647;
			files = (
			);
			runOnlyForDeploymentPostprocessing = 0;
		};
		E3F6BAE51C925C3F005A7B59 /* Resources */ = {
			isa = PBXResourcesBuildPhase;
			buildActionMask = 2147483647;
			files = (
			);
			runOnlyForDeploymentPostprocessing = 0;
		};
/* End PBXResourcesBuildPhase section */

/* Begin PBXShellScriptBuildPhase section */
		1639EDD43DAB39CDA307C6B7 /* Embed Pods Frameworks */ = {
			isa = PBXShellScriptBuildPhase;
			buildActionMask = 2147483647;
			files = (
			);
			inputPaths = (
			);
			name = "Embed Pods Frameworks";
			outputPaths = (
			);
			runOnlyForDeploymentPostprocessing = 0;
			shellPath = /bin/sh;
			shellScript = "\"${SRCROOT}/Pods/Target Support Files/Pods-Marvel Challenge/Pods-Marvel Challenge-frameworks.sh\"\n";
			showEnvVarsInLog = 0;
		};
		84CC9FCFC66C73C30F8BF21B /* Check Pods Manifest.lock */ = {
			isa = PBXShellScriptBuildPhase;
			buildActionMask = 2147483647;
			files = (
			);
			inputPaths = (
			);
			name = "Check Pods Manifest.lock";
			outputPaths = (
			);
			runOnlyForDeploymentPostprocessing = 0;
			shellPath = /bin/sh;
			shellScript = "diff \"${PODS_ROOT}/../Podfile.lock\" \"${PODS_ROOT}/Manifest.lock\" > /dev/null\nif [[ $? != 0 ]] ; then\n    cat << EOM\nerror: The sandbox is not in sync with the Podfile.lock. Run 'pod install' or update your CocoaPods installation.\nEOM\n    exit 1\nfi\n";
			showEnvVarsInLog = 0;
		};
		EDA9D4605E050C223021C343 /* Copy Pods Resources */ = {
			isa = PBXShellScriptBuildPhase;
			buildActionMask = 2147483647;
			files = (
			);
			inputPaths = (
			);
			name = "Copy Pods Resources";
			outputPaths = (
			);
			runOnlyForDeploymentPostprocessing = 0;
			shellPath = /bin/sh;
			shellScript = "\"${SRCROOT}/Pods/Target Support Files/Pods-Marvel Challenge/Pods-Marvel Challenge-resources.sh\"\n";
			showEnvVarsInLog = 0;
		};
/* End PBXShellScriptBuildPhase section */

/* Begin PBXSourcesBuildPhase section */
		E3F6BAC11C925C3F005A7B59 /* Sources */ = {
			isa = PBXSourcesBuildPhase;
			buildActionMask = 2147483647;
			files = (
				E3F6BAC91C925C3F005A7B59 /* AppDelegate.swift in Sources */,
				E3F6BAD11C925C3F005A7B59 /* Marvel_Challenge.xcdatamodeld in Sources */,
			);
			runOnlyForDeploymentPostprocessing = 0;
		};
		E3F6BAD81C925C3F005A7B59 /* Sources */ = {
			isa = PBXSourcesBuildPhase;
			buildActionMask = 2147483647;
			files = (
				E3F6BAE11C925C3F005A7B59 /* Marvel_ChallengeTests.swift in Sources */,
			);
			runOnlyForDeploymentPostprocessing = 0;
		};
		E3F6BAE31C925C3F005A7B59 /* Sources */ = {
			isa = PBXSourcesBuildPhase;
			buildActionMask = 2147483647;
			files = (
				E3F6BAEC1C925C3F005A7B59 /* Marvel_ChallengeUITests.swift in Sources */,
			);
			runOnlyForDeploymentPostprocessing = 0;
		};
/* End PBXSourcesBuildPhase section */

/* Begin PBXTargetDependency section */
		E3F6BADE1C925C3F005A7B59 /* PBXTargetDependency */ = {
			isa = PBXTargetDependency;
			target = E3F6BAC41C925C3F005A7B59 /* Marvel Challenge */;
			targetProxy = E3F6BADD1C925C3F005A7B59 /* PBXContainerItemProxy */;
		};
		E3F6BAE91C925C3F005A7B59 /* PBXTargetDependency */ = {
			isa = PBXTargetDependency;
			target = E3F6BAC41C925C3F005A7B59 /* Marvel Challenge */;
			targetProxy = E3F6BAE81C925C3F005A7B59 /* PBXContainerItemProxy */;
		};
/* End PBXTargetDependency section */

/* Begin PBXVariantGroup section */
		E3F6BACC1C925C3F005A7B59 /* Main.storyboard */ = {
			isa = PBXVariantGroup;
			children = (
				E3F6BACD1C925C3F005A7B59 /* Base */,
			);
			name = Main.storyboard;
			sourceTree = "<group>";
		};
		E3F6BAD41C925C3F005A7B59 /* LaunchScreen.storyboard */ = {
			isa = PBXVariantGroup;
			children = (
				E3F6BAD51C925C3F005A7B59 /* Base */,
			);
			name = LaunchScreen.storyboard;
			sourceTree = "<group>";
		};
/* End PBXVariantGroup section */

/* Begin XCBuildConfiguration section */
		E3F6BAEE1C925C3F005A7B59 /* Debug */ = {
			isa = XCBuildConfiguration;
			buildSettings = {
				ALWAYS_SEARCH_USER_PATHS = NO;
				CLANG_CXX_LANGUAGE_STANDARD = "gnu++0x";
				CLANG_CXX_LIBRARY = "libc++";
				CLANG_ENABLE_MODULES = YES;
				CLANG_ENABLE_OBJC_ARC = YES;
				CLANG_WARN_BOOL_CONVERSION = YES;
				CLANG_WARN_CONSTANT_CONVERSION = YES;
				CLANG_WARN_DIRECT_OBJC_ISA_USAGE = YES_ERROR;
				CLANG_WARN_EMPTY_BODY = YES;
				CLANG_WARN_ENUM_CONVERSION = YES;
				CLANG_WARN_INT_CONVERSION = YES;
				CLANG_WARN_OBJC_ROOT_CLASS = YES_ERROR;
				CLANG_WARN_UNREACHABLE_CODE = YES;
				CLANG_WARN__DUPLICATE_METHOD_MATCH = YES;
				"CODE_SIGN_IDENTITY[sdk=iphoneos*]" = "iPhone Developer";
				COPY_PHASE_STRIP = NO;
				DEBUG_INFORMATION_FORMAT = dwarf;
				ENABLE_STRICT_OBJC_MSGSEND = YES;
				ENABLE_TESTABILITY = YES;
				GCC_C_LANGUAGE_STANDARD = gnu99;
				GCC_DYNAMIC_NO_PIC = NO;
				GCC_NO_COMMON_BLOCKS = YES;
				GCC_OPTIMIZATION_LEVEL = 0;
				GCC_PREPROCESSOR_DEFINITIONS = (
					"DEBUG=1",
					"$(inherited)",
				);
				GCC_WARN_64_TO_32_BIT_CONVERSION = YES;
				GCC_WARN_ABOUT_RETURN_TYPE = YES_ERROR;
				GCC_WARN_UNDECLARED_SELECTOR = YES;
				GCC_WARN_UNINITIALIZED_AUTOS = YES_AGGRESSIVE;
				GCC_WARN_UNUSED_FUNCTION = YES;
				GCC_WARN_UNUSED_VARIABLE = YES;
				IPHONEOS_DEPLOYMENT_TARGET = 9.2;
				MTL_ENABLE_DEBUG_INFO = YES;
				ONLY_ACTIVE_ARCH = YES;
				SDKROOT = iphoneos;
				SWIFT_OPTIMIZATION_LEVEL = "-Onone";
			};
			name = Debug;
		};
		E3F6BAEF1C925C3F005A7B59 /* Release */ = {
			isa = XCBuildConfiguration;
			buildSettings = {
				ALWAYS_SEARCH_USER_PATHS = NO;
				CLANG_CXX_LANGUAGE_STANDARD = "gnu++0x";
				CLANG_CXX_LIBRARY = "libc++";
				CLANG_ENABLE_MODULES = YES;
				CLANG_ENABLE_OBJC_ARC = YES;
				CLANG_WARN_BOOL_CONVERSION = YES;
				CLANG_WARN_CONSTANT_CONVERSION = YES;
				CLANG_WARN_DIRECT_OBJC_ISA_USAGE = YES_ERROR;
				CLANG_WARN_EMPTY_BODY = YES;
				CLANG_WARN_ENUM_CONVERSION = YES;
				CLANG_WARN_INT_CONVERSION = YES;
				CLANG_WARN_OBJC_ROOT_CLASS = YES_ERROR;
				CLANG_WARN_UNREACHABLE_CODE = YES;
				CLANG_WARN__DUPLICATE_METHOD_MATCH = YES;
				"CODE_SIGN_IDENTITY[sdk=iphoneos*]" = "iPhone Developer";
				COPY_PHASE_STRIP = NO;
				DEBUG_INFORMATION_FORMAT = "dwarf-with-dsym";
				ENABLE_NS_ASSERTIONS = NO;
				ENABLE_STRICT_OBJC_MSGSEND = YES;
				GCC_C_LANGUAGE_STANDARD = gnu99;
				GCC_NO_COMMON_BLOCKS = YES;
				GCC_WARN_64_TO_32_BIT_CONVERSION = YES;
				GCC_WARN_ABOUT_RETURN_TYPE = YES_ERROR;
				GCC_WARN_UNDECLARED_SELECTOR = YES;
				GCC_WARN_UNINITIALIZED_AUTOS = YES_AGGRESSIVE;
				GCC_WARN_UNUSED_FUNCTION = YES;
				GCC_WARN_UNUSED_VARIABLE = YES;
				IPHONEOS_DEPLOYMENT_TARGET = 9.2;
				MTL_ENABLE_DEBUG_INFO = NO;
				SDKROOT = iphoneos;
				VALIDATE_PRODUCT = YES;
			};
			name = Release;
		};
		E3F6BAF11C925C3F005A7B59 /* Debug */ = {
			isa = XCBuildConfiguration;
			baseConfigurationReference = E311508D310804CBCC613EF9 /* Pods-Marvel Challenge.debug.xcconfig */;
			buildSettings = {
				ASSETCATALOG_COMPILER_APPICON_NAME = AppIcon;
				INFOPLIST_FILE = "Marvel Challenge/Info.plist";
				LD_RUNPATH_SEARCH_PATHS = "$(inherited) @executable_path/Frameworks";
				PRODUCT_BUNDLE_IDENTIFIER = "br.com.guilhermeassis.Marvel-Challenge";
				PRODUCT_NAME = "$(TARGET_NAME)";
			};
			name = Debug;
		};
		E3F6BAF21C925C3F005A7B59 /* Release */ = {
			isa = XCBuildConfiguration;
			baseConfigurationReference = B0CC7E3817237E2893F4F669 /* Pods-Marvel Challenge.release.xcconfig */;
			buildSettings = {
				ASSETCATALOG_COMPILER_APPICON_NAME = AppIcon;
				INFOPLIST_FILE = "Marvel Challenge/Info.plist";
				LD_RUNPATH_SEARCH_PATHS = "$(inherited) @executable_path/Frameworks";
				PRODUCT_BUNDLE_IDENTIFIER = "br.com.guilhermeassis.Marvel-Challenge";
				PRODUCT_NAME = "$(TARGET_NAME)";
			};
			name = Release;
		};
		E3F6BAF41C925C3F005A7B59 /* Debug */ = {
			isa = XCBuildConfiguration;
			buildSettings = {
				BUNDLE_LOADER = "$(TEST_HOST)";
				INFOPLIST_FILE = "Marvel ChallengeTests/Info.plist";
				LD_RUNPATH_SEARCH_PATHS = "$(inherited) @executable_path/Frameworks @loader_path/Frameworks";
				PRODUCT_BUNDLE_IDENTIFIER = "br.com.guilhermeassis.Marvel-ChallengeTests";
				PRODUCT_NAME = "$(TARGET_NAME)";
				TEST_HOST = "$(BUILT_PRODUCTS_DIR)/Marvel Challenge.app/Marvel Challenge";
			};
			name = Debug;
		};
		E3F6BAF51C925C3F005A7B59 /* Release */ = {
			isa = XCBuildConfiguration;
			buildSettings = {
				BUNDLE_LOADER = "$(TEST_HOST)";
				INFOPLIST_FILE = "Marvel ChallengeTests/Info.plist";
				LD_RUNPATH_SEARCH_PATHS = "$(inherited) @executable_path/Frameworks @loader_path/Frameworks";
				PRODUCT_BUNDLE_IDENTIFIER = "br.com.guilhermeassis.Marvel-ChallengeTests";
				PRODUCT_NAME = "$(TARGET_NAME)";
				TEST_HOST = "$(BUILT_PRODUCTS_DIR)/Marvel Challenge.app/Marvel Challenge";
			};
			name = Release;
		};
		E3F6BAF71C925C3F005A7B59 /* Debug */ = {
			isa = XCBuildConfiguration;
			buildSettings = {
				INFOPLIST_FILE = "Marvel ChallengeUITests/Info.plist";
				LD_RUNPATH_SEARCH_PATHS = "$(inherited) @executable_path/Frameworks @loader_path/Frameworks";
				PRODUCT_BUNDLE_IDENTIFIER = "br.com.guilhermeassis.Marvel-ChallengeUITests";
				PRODUCT_NAME = "$(TARGET_NAME)";
				TEST_TARGET_NAME = "Marvel Challenge";
				USES_XCTRUNNER = YES;
			};
			name = Debug;
		};
		E3F6BAF81C925C3F005A7B59 /* Release */ = {
			isa = XCBuildConfiguration;
			buildSettings = {
				INFOPLIST_FILE = "Marvel ChallengeUITests/Info.plist";
				LD_RUNPATH_SEARCH_PATHS = "$(inherited) @executable_path/Frameworks @loader_path/Frameworks";
				PRODUCT_BUNDLE_IDENTIFIER = "br.com.guilhermeassis.Marvel-ChallengeUITests";
				PRODUCT_NAME = "$(TARGET_NAME)";
				TEST_TARGET_NAME = "Marvel Challenge";
				USES_XCTRUNNER = YES;
			};
			name = Release;
		};
/* End XCBuildConfiguration section */

/* Begin XCConfigurationList section */
		E3F6BAC01C925C3F005A7B59 /* Build configuration list for PBXProject "Marvel Challenge" */ = {
			isa = XCConfigurationList;
			buildConfigurations = (
				E3F6BAEE1C925C3F005A7B59 /* Debug */,
				E3F6BAEF1C925C3F005A7B59 /* Release */,
			);
			defaultConfigurationIsVisible = 0;
			defaultConfigurationName = Release;
		};
		E3F6BAF01C925C3F005A7B59 /* Build configuration list for PBXNativeTarget "Marvel Challenge" */ = {
			isa = XCConfigurationList;
			buildConfigurations = (
				E3F6BAF11C925C3F005A7B59 /* Debug */,
				E3F6BAF21C925C3F005A7B59 /* Release */,
			);
			defaultConfigurationIsVisible = 0;
			defaultConfigurationName = Release;
		};
		E3F6BAF31C925C3F005A7B59 /* Build configuration list for PBXNativeTarget "Marvel ChallengeTests" */ = {
			isa = XCConfigurationList;
			buildConfigurations = (
				E3F6BAF41C925C3F005A7B59 /* Debug */,
				E3F6BAF51C925C3F005A7B59 /* Release */,
			);
			defaultConfigurationIsVisible = 0;
			defaultConfigurationName = Release;
		};
		E3F6BAF61C925C3F005A7B59 /* Build configuration list for PBXNativeTarget "Marvel ChallengeUITests" */ = {
			isa = XCConfigurationList;
			buildConfigurations = (
				E3F6BAF71C925C3F005A7B59 /* Debug */,
				E3F6BAF81C925C3F005A7B59 /* Release */,
			);
			defaultConfigurationIsVisible = 0;
			defaultConfigurationName = Release;
		};
/* End XCConfigurationList section */

/* Begin XCVersionGroup section */
		E3F6BACF1C925C3F005A7B59 /* Marvel_Challenge.xcdatamodeld */ = {
			isa = XCVersionGroup;
			children = (
				E3F6BAD01C925C3F005A7B59 /* Marvel_Challenge.xcdatamodel */,
			);
			currentVersion = E3F6BAD01C925C3F005A7B59 /* Marvel_Challenge.xcdatamodel */;
			path = Marvel_Challenge.xcdatamodeld;
			sourceTree = "<group>";
			versionGroupType = wrapper.xcdatamodel;
		};
/* End XCVersionGroup section */
	};
	rootObject = E3F6BABD1C925C3F005A7B59 /* Project object */;
}
